{
  "requires": true,
  "lockfileVersion": 1,
  "dependencies": {
    "primeng": {
      "version": "5.2.0",
      "resolved": "https://registry.npmjs.org/primeng/-/primeng-5.2.0.tgz",
      "integrity": "sha512-70+QSR5bCtYV+jmqmsYIdE1pkBse/pCSgU7m71d0VNEagmyY1JNKIp9mKdL7MSbUE/fGdbqfkhkmUeP+x4N2jw=="
    }
  }
}
